// !$*UTF8*$!
{
	archiveVersion = 1;
	classes = {
	};
	objectVersion = 48;
	objects = {

/* Begin PBXBuildFile section */
		11C5EB115416AFFFADAE0E3B /* Pods_pak.framework in Frameworks */ = {isa = PBXBuildFile; fileRef = 72D4A09D7AEE6BF63B9798A9 /* Pods_pak.framework */; };
		1C9F28737F39F1D2742CD13B /* Pods_pakTests.framework in Frameworks */ = {isa = PBXBuildFile; fileRef = 69B58E67D58BDEDD34A14B65 /* Pods_pakTests.framework */; };
		74357259206F4DC5003EB81C /* RegistroVC.swift in Sources */ = {isa = PBXBuildFile; fileRef = 74357258206F4DC5003EB81C /* RegistroVC.swift */; };
		74558E992069EBC700A3C32F /* AppDelegate.swift in Sources */ = {isa = PBXBuildFile; fileRef = 74558E982069EBC700A3C32F /* AppDelegate.swift */; };
		74558E9B2069EBC700A3C32F /* InicioVC.swift in Sources */ = {isa = PBXBuildFile; fileRef = 74558E9A2069EBC700A3C32F /* InicioVC.swift */; };
		74558E9E2069EBC700A3C32F /* Main.storyboard in Resources */ = {isa = PBXBuildFile; fileRef = 74558E9C2069EBC700A3C32F /* Main.storyboard */; };
		74558EA02069EBC700A3C32F /* Assets.xcassets in Resources */ = {isa = PBXBuildFile; fileRef = 74558E9F2069EBC700A3C32F /* Assets.xcassets */; };
		74558EA32069EBC700A3C32F /* LaunchScreen.storyboard in Resources */ = {isa = PBXBuildFile; fileRef = 74558EA12069EBC700A3C32F /* LaunchScreen.storyboard */; };
		74558EAE2069EBC700A3C32F /* pakTests.swift in Sources */ = {isa = PBXBuildFile; fileRef = 74558EAD2069EBC700A3C32F /* pakTests.swift */; };
		74558EB92069EBC700A3C32F /* pakUITests.swift in Sources */ = {isa = PBXBuildFile; fileRef = 74558EB82069EBC700A3C32F /* pakUITests.swift */; };
		74558ECA2069EF6B00A3C32F /* SWRevealViewController.m in Sources */ = {isa = PBXBuildFile; fileRef = 74558EC82069EF6A00A3C32F /* SWRevealViewController.m */; };
		74558ECC206A128C00A3C32F /* DrawerVC.swift in Sources */ = {isa = PBXBuildFile; fileRef = 74558ECB206A128C00A3C32F /* DrawerVC.swift */; };
		74709773206F77830029F61C /* Extensions.swift in Sources */ = {isa = PBXBuildFile; fileRef = 74709772206F77830029F61C /* Extensions.swift */; };
		7479BD6E206EE4AA004FA21F /* LoginRegistroSB.storyboard in Resources */ = {isa = PBXBuildFile; fileRef = 7479BD6D206EE4AA004FA21F /* LoginRegistroSB.storyboard */; };
		7479BD70206EE54C004FA21F /* LoginVC.swift in Sources */ = {isa = PBXBuildFile; fileRef = 7479BD6F206EE54C004FA21F /* LoginVC.swift */; };
		747A27E32070667D00C9291A /* Preferences.swift in Sources */ = {isa = PBXBuildFile; fileRef = 747A27E22070667D00C9291A /* Preferences.swift */; };
		74B4EC3020731546000566B4 /* InicioSB.storyboard in Resources */ = {isa = PBXBuildFile; fileRef = 74B4EC2F20731546000566B4 /* InicioSB.storyboard */; };
		74B4EC352073187E000566B4 /* Demo1VC.swift in Sources */ = {isa = PBXBuildFile; fileRef = 74B4EC332073187E000566B4 /* Demo1VC.swift */; };
		74B4EC362073187E000566B4 /* Demo1VC.xib in Resources */ = {isa = PBXBuildFile; fileRef = 74B4EC342073187E000566B4 /* Demo1VC.xib */; };
		74B4EC38207318DF000566B4 /* InicioDemoVC.swift in Sources */ = {isa = PBXBuildFile; fileRef = 74B4EC37207318DF000566B4 /* InicioDemoVC.swift */; };
		74B4EC3B20731A4B000566B4 /* Demo2VC.swift in Sources */ = {isa = PBXBuildFile; fileRef = 74B4EC3920731A4B000566B4 /* Demo2VC.swift */; };
		74B4EC3C20731A4B000566B4 /* Demo2VC.xib in Resources */ = {isa = PBXBuildFile; fileRef = 74B4EC3A20731A4B000566B4 /* Demo2VC.xib */; };
		74CC1BB1207DB80500C39678 /* ListaProductosVC.swift in Sources */ = {isa = PBXBuildFile; fileRef = 74CC1BB0207DB80500C39678 /* ListaProductosVC.swift */; };
		74CC1BB3207DB8FF00C39678 /* CategoriasCell.swift in Sources */ = {isa = PBXBuildFile; fileRef = 74CC1BB2207DB8FF00C39678 /* CategoriasCell.swift */; };
		F964DF368DD353E1763F9910 /* Pods_pakUITests.framework in Frameworks */ = {isa = PBXBuildFile; fileRef = BB5C0FCB07EEBBCC700055BF /* Pods_pakUITests.framework */; };
/* End PBXBuildFile section */

/* Begin PBXContainerItemProxy section */
		74558EAA2069EBC700A3C32F /* PBXContainerItemProxy */ = {
			isa = PBXContainerItemProxy;
			containerPortal = 74558E8D2069EBC700A3C32F /* Project object */;
			proxyType = 1;
			remoteGlobalIDString = 74558E942069EBC700A3C32F;
			remoteInfo = pak;
		};
		74558EB52069EBC700A3C32F /* PBXContainerItemProxy */ = {
			isa = PBXContainerItemProxy;
			containerPortal = 74558E8D2069EBC700A3C32F /* Project object */;
			proxyType = 1;
			remoteGlobalIDString = 74558E942069EBC700A3C32F;
			remoteInfo = pak;
		};
/* End PBXContainerItemProxy section */

/* Begin PBXFileReference section */
		2F167C1880938B9110D7A67C /* Pods-pakUITests.debug.xcconfig */ = {isa = PBXFileReference; includeInIndex = 1; lastKnownFileType = text.xcconfig; name = "Pods-pakUITests.debug.xcconfig"; path = "Pods/Target Support Files/Pods-pakUITests/Pods-pakUITests.debug.xcconfig"; sourceTree = "<group>"; };
		3E5251DCE73A5FA5885336BD /* Pods-pakTests.release.xcconfig */ = {isa = PBXFileReference; includeInIndex = 1; lastKnownFileType = text.xcconfig; name = "Pods-pakTests.release.xcconfig"; path = "Pods/Target Support Files/Pods-pakTests/Pods-pakTests.release.xcconfig"; sourceTree = "<group>"; };
		64A91EC4EE80479177D93582 /* Pods-pakTests.debug.xcconfig */ = {isa = PBXFileReference; includeInIndex = 1; lastKnownFileType = text.xcconfig; name = "Pods-pakTests.debug.xcconfig"; path = "Pods/Target Support Files/Pods-pakTests/Pods-pakTests.debug.xcconfig"; sourceTree = "<group>"; };
		69B58E67D58BDEDD34A14B65 /* Pods_pakTests.framework */ = {isa = PBXFileReference; explicitFileType = wrapper.framework; includeInIndex = 0; path = Pods_pakTests.framework; sourceTree = BUILT_PRODUCTS_DIR; };
		72D4A09D7AEE6BF63B9798A9 /* Pods_pak.framework */ = {isa = PBXFileReference; explicitFileType = wrapper.framework; includeInIndex = 0; path = Pods_pak.framework; sourceTree = BUILT_PRODUCTS_DIR; };
		74357258206F4DC5003EB81C /* RegistroVC.swift */ = {isa = PBXFileReference; lastKnownFileType = sourcecode.swift; path = RegistroVC.swift; sourceTree = "<group>"; };
		74558E952069EBC700A3C32F /* pak.app */ = {isa = PBXFileReference; explicitFileType = wrapper.application; includeInIndex = 0; path = pak.app; sourceTree = BUILT_PRODUCTS_DIR; };
		74558E982069EBC700A3C32F /* AppDelegate.swift */ = {isa = PBXFileReference; lastKnownFileType = sourcecode.swift; path = AppDelegate.swift; sourceTree = "<group>"; };
		74558E9A2069EBC700A3C32F /* InicioVC.swift */ = {isa = PBXFileReference; lastKnownFileType = sourcecode.swift; path = InicioVC.swift; sourceTree = "<group>"; };
		74558E9D2069EBC700A3C32F /* Base */ = {isa = PBXFileReference; lastKnownFileType = file.storyboard; name = Base; path = Base.lproj/Main.storyboard; sourceTree = "<group>"; };
		74558E9F2069EBC700A3C32F /* Assets.xcassets */ = {isa = PBXFileReference; lastKnownFileType = folder.assetcatalog; path = Assets.xcassets; sourceTree = "<group>"; };
		74558EA22069EBC700A3C32F /* Base */ = {isa = PBXFileReference; lastKnownFileType = file.storyboard; name = Base; path = Base.lproj/LaunchScreen.storyboard; sourceTree = "<group>"; };
		74558EA42069EBC700A3C32F /* Info.plist */ = {isa = PBXFileReference; lastKnownFileType = text.plist.xml; path = Info.plist; sourceTree = "<group>"; };
		74558EA92069EBC700A3C32F /* pakTests.xctest */ = {isa = PBXFileReference; explicitFileType = wrapper.cfbundle; includeInIndex = 0; path = pakTests.xctest; sourceTree = BUILT_PRODUCTS_DIR; };
		74558EAD2069EBC700A3C32F /* pakTests.swift */ = {isa = PBXFileReference; lastKnownFileType = sourcecode.swift; path = pakTests.swift; sourceTree = "<group>"; };
		74558EAF2069EBC700A3C32F /* Info.plist */ = {isa = PBXFileReference; lastKnownFileType = text.plist.xml; path = Info.plist; sourceTree = "<group>"; };
		74558EB42069EBC700A3C32F /* pakUITests.xctest */ = {isa = PBXFileReference; explicitFileType = wrapper.cfbundle; includeInIndex = 0; path = pakUITests.xctest; sourceTree = BUILT_PRODUCTS_DIR; };
		74558EB82069EBC700A3C32F /* pakUITests.swift */ = {isa = PBXFileReference; lastKnownFileType = sourcecode.swift; path = pakUITests.swift; sourceTree = "<group>"; };
		74558EBA2069EBC700A3C32F /* Info.plist */ = {isa = PBXFileReference; lastKnownFileType = text.plist.xml; path = Info.plist; sourceTree = "<group>"; };
		74558EC72069EF6900A3C32F /* pak-Bridging-Header.h */ = {isa = PBXFileReference; lastKnownFileType = sourcecode.c.h; path = "pak-Bridging-Header.h"; sourceTree = "<group>"; };
		74558EC82069EF6A00A3C32F /* SWRevealViewController.m */ = {isa = PBXFileReference; fileEncoding = 4; lastKnownFileType = sourcecode.c.objc; path = SWRevealViewController.m; sourceTree = "<group>"; };
		74558EC92069EF6B00A3C32F /* SWRevealViewController.h */ = {isa = PBXFileReference; fileEncoding = 4; lastKnownFileType = sourcecode.c.h; path = SWRevealViewController.h; sourceTree = "<group>"; };
		74558ECB206A128C00A3C32F /* DrawerVC.swift */ = {isa = PBXFileReference; lastKnownFileType = sourcecode.swift; path = DrawerVC.swift; sourceTree = "<group>"; };
		74709772206F77830029F61C /* Extensions.swift */ = {isa = PBXFileReference; lastKnownFileType = sourcecode.swift; path = Extensions.swift; sourceTree = "<group>"; };
		7479BD6D206EE4AA004FA21F /* LoginRegistroSB.storyboard */ = {isa = PBXFileReference; lastKnownFileType = file.storyboard; path = LoginRegistroSB.storyboard; sourceTree = "<group>"; };
		7479BD6F206EE54C004FA21F /* LoginVC.swift */ = {isa = PBXFileReference; lastKnownFileType = sourcecode.swift; path = LoginVC.swift; sourceTree = "<group>"; };
		747A27E22070667D00C9291A /* Preferences.swift */ = {isa = PBXFileReference; lastKnownFileType = sourcecode.swift; path = Preferences.swift; sourceTree = "<group>"; };
		74B4EC2F20731546000566B4 /* InicioSB.storyboard */ = {isa = PBXFileReference; lastKnownFileType = file.storyboard; path = InicioSB.storyboard; sourceTree = "<group>"; };
		74B4EC332073187E000566B4 /* Demo1VC.swift */ = {isa = PBXFileReference; lastKnownFileType = sourcecode.swift; path = Demo1VC.swift; sourceTree = "<group>"; };
		74B4EC342073187E000566B4 /* Demo1VC.xib */ = {isa = PBXFileReference; lastKnownFileType = file.xib; path = Demo1VC.xib; sourceTree = "<group>"; };
		74B4EC37207318DF000566B4 /* InicioDemoVC.swift */ = {isa = PBXFileReference; lastKnownFileType = sourcecode.swift; path = InicioDemoVC.swift; sourceTree = "<group>"; };
		74B4EC3920731A4B000566B4 /* Demo2VC.swift */ = {isa = PBXFileReference; lastKnownFileType = sourcecode.swift; path = Demo2VC.swift; sourceTree = "<group>"; };
		74B4EC3A20731A4B000566B4 /* Demo2VC.xib */ = {isa = PBXFileReference; lastKnownFileType = file.xib; path = Demo2VC.xib; sourceTree = "<group>"; };
		74CC1BB0207DB80500C39678 /* ListaProductosVC.swift */ = {isa = PBXFileReference; lastKnownFileType = sourcecode.swift; path = ListaProductosVC.swift; sourceTree = "<group>"; };
		74CC1BB2207DB8FF00C39678 /* CategoriasCell.swift */ = {isa = PBXFileReference; lastKnownFileType = sourcecode.swift; path = CategoriasCell.swift; sourceTree = "<group>"; };
		8083BC4FB56E7AC3CBB921CE /* Pods-pak.debug.xcconfig */ = {isa = PBXFileReference; includeInIndex = 1; lastKnownFileType = text.xcconfig; name = "Pods-pak.debug.xcconfig"; path = "Pods/Target Support Files/Pods-pak/Pods-pak.debug.xcconfig"; sourceTree = "<group>"; };
		BB5C0FCB07EEBBCC700055BF /* Pods_pakUITests.framework */ = {isa = PBXFileReference; explicitFileType = wrapper.framework; includeInIndex = 0; path = Pods_pakUITests.framework; sourceTree = BUILT_PRODUCTS_DIR; };
		CEE586CD5444041185B803B3 /* Pods-pakUITests.release.xcconfig */ = {isa = PBXFileReference; includeInIndex = 1; lastKnownFileType = text.xcconfig; name = "Pods-pakUITests.release.xcconfig"; path = "Pods/Target Support Files/Pods-pakUITests/Pods-pakUITests.release.xcconfig"; sourceTree = "<group>"; };
		F2DF16DFA402D83A05C071A4 /* Pods-pak.release.xcconfig */ = {isa = PBXFileReference; includeInIndex = 1; lastKnownFileType = text.xcconfig; name = "Pods-pak.release.xcconfig"; path = "Pods/Target Support Files/Pods-pak/Pods-pak.release.xcconfig"; sourceTree = "<group>"; };
/* End PBXFileReference section */

/* Begin PBXFrameworksBuildPhase section */
		74558E922069EBC700A3C32F /* Frameworks */ = {
			isa = PBXFrameworksBuildPhase;
			buildActionMask = 2147483647;
			files = (
				11C5EB115416AFFFADAE0E3B /* Pods_pak.framework in Frameworks */,
			);
			runOnlyForDeploymentPostprocessing = 0;
		};
		74558EA62069EBC700A3C32F /* Frameworks */ = {
			isa = PBXFrameworksBuildPhase;
			buildActionMask = 2147483647;
			files = (
				1C9F28737F39F1D2742CD13B /* Pods_pakTests.framework in Frameworks */,
			);
			runOnlyForDeploymentPostprocessing = 0;
		};
		74558EB12069EBC700A3C32F /* Frameworks */ = {
			isa = PBXFrameworksBuildPhase;
			buildActionMask = 2147483647;
			files = (
				F964DF368DD353E1763F9910 /* Pods_pakUITests.framework in Frameworks */,
			);
			runOnlyForDeploymentPostprocessing = 0;
		};
/* End PBXFrameworksBuildPhase section */

/* Begin PBXGroup section */
		74558E8C2069EBC700A3C32F = {
			isa = PBXGroup;
			children = (
				74558E972069EBC700A3C32F /* pak */,
				74558EAC2069EBC700A3C32F /* pakTests */,
				74558EB72069EBC700A3C32F /* pakUITests */,
				74558E962069EBC700A3C32F /* Products */,
				C00E9A3F83409FC4C05B326C /* Pods */,
				E85D5A2C552581DFC5297AC0 /* Frameworks */,
			);
			sourceTree = "<group>";
		};
		74558E962069EBC700A3C32F /* Products */ = {
			isa = PBXGroup;
			children = (
				74558E952069EBC700A3C32F /* pak.app */,
				74558EA92069EBC700A3C32F /* pakTests.xctest */,
				74558EB42069EBC700A3C32F /* pakUITests.xctest */,
			);
			name = Products;
			sourceTree = "<group>";
		};
		74558E972069EBC700A3C32F /* pak */ = {
			isa = PBXGroup;
			children = (
				74558EC62069EF1000A3C32F /* SWRevealViewController */,
				74558E982069EBC700A3C32F /* AppDelegate.swift */,
				7479BD6F206EE54C004FA21F /* LoginVC.swift */,
				74558E9A2069EBC700A3C32F /* InicioVC.swift */,
				74558E9F2069EBC700A3C32F /* Assets.xcassets */,
				74558EA12069EBC700A3C32F /* LaunchScreen.storyboard */,
				74558EA42069EBC700A3C32F /* Info.plist */,
				74558E9C2069EBC700A3C32F /* Main.storyboard */,
				74558ECB206A128C00A3C32F /* DrawerVC.swift */,
				7479BD6D206EE4AA004FA21F /* LoginRegistroSB.storyboard */,
				74357258206F4DC5003EB81C /* RegistroVC.swift */,
				74709772206F77830029F61C /* Extensions.swift */,
				747A27E22070667D00C9291A /* Preferences.swift */,
				74B4EC2F20731546000566B4 /* InicioSB.storyboard */,
				74B4EC37207318DF000566B4 /* InicioDemoVC.swift */,
				74B4EC332073187E000566B4 /* Demo1VC.swift */,
				74B4EC342073187E000566B4 /* Demo1VC.xib */,
				74B4EC3920731A4B000566B4 /* Demo2VC.swift */,
				74B4EC3A20731A4B000566B4 /* Demo2VC.xib */,
				74CC1BB0207DB80500C39678 /* ListaProductosVC.swift */,
				74CC1BB2207DB8FF00C39678 /* CategoriasCell.swift */,
			);
			path = pak;
			sourceTree = "<group>";
		};
		74558EAC2069EBC700A3C32F /* pakTests */ = {
			isa = PBXGroup;
			children = (
				74558EAD2069EBC700A3C32F /* pakTests.swift */,
				74558EAF2069EBC700A3C32F /* Info.plist */,
			);
			path = pakTests;
			sourceTree = "<group>";
		};
		74558EB72069EBC700A3C32F /* pakUITests */ = {
			isa = PBXGroup;
			children = (
				74558EB82069EBC700A3C32F /* pakUITests.swift */,
				74558EBA2069EBC700A3C32F /* Info.plist */,
			);
			path = pakUITests;
			sourceTree = "<group>";
		};
		74558EC62069EF1000A3C32F /* SWRevealViewController */ = {
			isa = PBXGroup;
			children = (
				74558EC92069EF6B00A3C32F /* SWRevealViewController.h */,
				74558EC82069EF6A00A3C32F /* SWRevealViewController.m */,
				74558EC72069EF6900A3C32F /* pak-Bridging-Header.h */,
			);
			path = SWRevealViewController;
			sourceTree = "<group>";
		};
		C00E9A3F83409FC4C05B326C /* Pods */ = {
			isa = PBXGroup;
			children = (
				8083BC4FB56E7AC3CBB921CE /* Pods-pak.debug.xcconfig */,
				F2DF16DFA402D83A05C071A4 /* Pods-pak.release.xcconfig */,
				64A91EC4EE80479177D93582 /* Pods-pakTests.debug.xcconfig */,
				3E5251DCE73A5FA5885336BD /* Pods-pakTests.release.xcconfig */,
				2F167C1880938B9110D7A67C /* Pods-pakUITests.debug.xcconfig */,
				CEE586CD5444041185B803B3 /* Pods-pakUITests.release.xcconfig */,
			);
			name = Pods;
			sourceTree = "<group>";
		};
		E85D5A2C552581DFC5297AC0 /* Frameworks */ = {
			isa = PBXGroup;
			children = (
				72D4A09D7AEE6BF63B9798A9 /* Pods_pak.framework */,
				69B58E67D58BDEDD34A14B65 /* Pods_pakTests.framework */,
				BB5C0FCB07EEBBCC700055BF /* Pods_pakUITests.framework */,
			);
			name = Frameworks;
			sourceTree = "<group>";
		};
/* End PBXGroup section */

/* Begin PBXNativeTarget section */
		74558E942069EBC700A3C32F /* pak */ = {
			isa = PBXNativeTarget;
			buildConfigurationList = 74558EBD2069EBC700A3C32F /* Build configuration list for PBXNativeTarget "pak" */;
			buildPhases = (
				4B94C8B148ACAE860F219E82 /* [CP] Check Pods Manifest.lock */,
				74558E912069EBC700A3C32F /* Sources */,
				74558E922069EBC700A3C32F /* Frameworks */,
				74558E932069EBC700A3C32F /* Resources */,
				320242BD206A5B09EBAE3BBB /* [CP] Embed Pods Frameworks */,
				1B6B7B0CEDC149A8DEA7F616 /* [CP] Copy Pods Resources */,
			);
			buildRules = (
			);
			dependencies = (
			);
			name = pak;
			productName = pak;
			productReference = 74558E952069EBC700A3C32F /* pak.app */;
			productType = "com.apple.product-type.application";
		};
		74558EA82069EBC700A3C32F /* pakTests */ = {
			isa = PBXNativeTarget;
			buildConfigurationList = 74558EC02069EBC700A3C32F /* Build configuration list for PBXNativeTarget "pakTests" */;
			buildPhases = (
				E46DF1E7D0FE081E03A1AE66 /* [CP] Check Pods Manifest.lock */,
				74558EA52069EBC700A3C32F /* Sources */,
				74558EA62069EBC700A3C32F /* Frameworks */,
				74558EA72069EBC700A3C32F /* Resources */,
				93C2762EC570206DE71F7D22 /* [CP] Embed Pods Frameworks */,
				D1D89190E4AD15E2FAAF6BEF /* [CP] Copy Pods Resources */,
			);
			buildRules = (
			);
			dependencies = (
				74558EAB2069EBC700A3C32F /* PBXTargetDependency */,
			);
			name = pakTests;
			productName = pakTests;
			productReference = 74558EA92069EBC700A3C32F /* pakTests.xctest */;
			productType = "com.apple.product-type.bundle.unit-test";
		};
		74558EB32069EBC700A3C32F /* pakUITests */ = {
			isa = PBXNativeTarget;
			buildConfigurationList = 74558EC32069EBC700A3C32F /* Build configuration list for PBXNativeTarget "pakUITests" */;
			buildPhases = (
				6892380E09D85579A02DEB1D /* [CP] Check Pods Manifest.lock */,
				74558EB02069EBC700A3C32F /* Sources */,
				74558EB12069EBC700A3C32F /* Frameworks */,
				74558EB22069EBC700A3C32F /* Resources */,
				245E15FA72C45639542574F4 /* [CP] Embed Pods Frameworks */,
				E4A28DD34A8E9B2446657E06 /* [CP] Copy Pods Resources */,
			);
			buildRules = (
			);
			dependencies = (
				74558EB62069EBC700A3C32F /* PBXTargetDependency */,
			);
			name = pakUITests;
			productName = pakUITests;
			productReference = 74558EB42069EBC700A3C32F /* pakUITests.xctest */;
			productType = "com.apple.product-type.bundle.ui-testing";
		};
/* End PBXNativeTarget section */

/* Begin PBXProject section */
		74558E8D2069EBC700A3C32F /* Project object */ = {
			isa = PBXProject;
			attributes = {
				LastSwiftUpdateCheck = 0920;
				LastUpgradeCheck = 0920;
				TargetAttributes = {
					74558E942069EBC700A3C32F = {
						CreatedOnToolsVersion = 9.2;
						LastSwiftMigration = 0920;
						ProvisioningStyle = Automatic;
					};
					74558EA82069EBC700A3C32F = {
						CreatedOnToolsVersion = 9.2;
						ProvisioningStyle = Automatic;
						TestTargetID = 74558E942069EBC700A3C32F;
					};
					74558EB32069EBC700A3C32F = {
						CreatedOnToolsVersion = 9.2;
						ProvisioningStyle = Automatic;
						TestTargetID = 74558E942069EBC700A3C32F;
					};
				};
			};
			buildConfigurationList = 74558E902069EBC700A3C32F /* Build configuration list for PBXProject "pak" */;
			compatibilityVersion = "Xcode 8.0";
			developmentRegion = en;
			hasScannedForEncodings = 0;
			knownRegions = (
				en,
				Base,
			);
			mainGroup = 74558E8C2069EBC700A3C32F;
			productRefGroup = 74558E962069EBC700A3C32F /* Products */;
			projectDirPath = "";
			projectRoot = "";
			targets = (
				74558E942069EBC700A3C32F /* pak */,
				74558EA82069EBC700A3C32F /* pakTests */,
				74558EB32069EBC700A3C32F /* pakUITests */,
			);
		};
/* End PBXProject section */

/* Begin PBXResourcesBuildPhase section */
		74558E932069EBC700A3C32F /* Resources */ = {
			isa = PBXResourcesBuildPhase;
			buildActionMask = 2147483647;
			files = (
				74558EA32069EBC700A3C32F /* LaunchScreen.storyboard in Resources */,
				74B4EC362073187E000566B4 /* Demo1VC.xib in Resources */,
				74B4EC3020731546000566B4 /* InicioSB.storyboard in Resources */,
				74558EA02069EBC700A3C32F /* Assets.xcassets in Resources */,
				7479BD6E206EE4AA004FA21F /* LoginRegistroSB.storyboard in Resources */,
				74558E9E2069EBC700A3C32F /* Main.storyboard in Resources */,
				74B4EC3C20731A4B000566B4 /* Demo2VC.xib in Resources */,
			);
			runOnlyForDeploymentPostprocessing = 0;
		};
		74558EA72069EBC700A3C32F /* Resources */ = {
			isa = PBXResourcesBuildPhase;
			buildActionMask = 2147483647;
			files = (
			);
			runOnlyForDeploymentPostprocessing = 0;
		};
		74558EB22069EBC700A3C32F /* Resources */ = {
			isa = PBXResourcesBuildPhase;
			buildActionMask = 2147483647;
			files = (
			);
			runOnlyForDeploymentPostprocessing = 0;
		};
/* End PBXResourcesBuildPhase section */

/* Begin PBXShellScriptBuildPhase section */
		1B6B7B0CEDC149A8DEA7F616 /* [CP] Copy Pods Resources */ = {
			isa = PBXShellScriptBuildPhase;
			buildActionMask = 2147483647;
			files = (
			);
			inputPaths = (
				"${SRCROOT}/Pods/Target Support Files/Pods-pak/Pods-pak-resources.sh",
				"${PODS_ROOT}/GoogleSignIn/Resources/GoogleSignIn.bundle",
			);
			name = "[CP] Copy Pods Resources";
			outputPaths = (
				"${TARGET_BUILD_DIR}/${UNLOCALIZED_RESOURCES_FOLDER_PATH}/GoogleSignIn.bundle",
			);
			runOnlyForDeploymentPostprocessing = 0;
			shellPath = /bin/sh;
			shellScript = "\"${SRCROOT}/Pods/Target Support Files/Pods-pak/Pods-pak-resources.sh\"\n";
			showEnvVarsInLog = 0;
		};
		245E15FA72C45639542574F4 /* [CP] Embed Pods Frameworks */ = {
			isa = PBXShellScriptBuildPhase;
			buildActionMask = 2147483647;
			files = (
			);
			inputPaths = (
			);
			name = "[CP] Embed Pods Frameworks";
			outputPaths = (
			);
			runOnlyForDeploymentPostprocessing = 0;
			shellPath = /bin/sh;
			shellScript = "\"${SRCROOT}/Pods/Target Support Files/Pods-pakUITests/Pods-pakUITests-frameworks.sh\"\n";
			showEnvVarsInLog = 0;
		};
		320242BD206A5B09EBAE3BBB /* [CP] Embed Pods Frameworks */ = {
			isa = PBXShellScriptBuildPhase;
			buildActionMask = 2147483647;
			files = (
			);
			inputPaths = (
				"${SRCROOT}/Pods/Target Support Files/Pods-pak/Pods-pak-frameworks.sh",
				"${BUILT_PRODUCTS_DIR}/Bolts/Bolts.framework",
				"${BUILT_PRODUCTS_DIR}/FBSDKCoreKit/FBSDKCoreKit.framework",
				"${BUILT_PRODUCTS_DIR}/FBSDKLoginKit/FBSDKLoginKit.framework",
				"${BUILT_PRODUCTS_DIR}/FBSDKShareKit/FBSDKShareKit.framework",
				"${BUILT_PRODUCTS_DIR}/FacebookCore/FacebookCore.framework",
				"${BUILT_PRODUCTS_DIR}/FacebookLogin/FacebookLogin.framework",
				"${BUILT_PRODUCTS_DIR}/FacebookShare/FacebookShare.framework",
				"${BUILT_PRODUCTS_DIR}/GTMOAuth2/GTMOAuth2.framework",
				"${BUILT_PRODUCTS_DIR}/GTMSessionFetcher/GTMSessionFetcher.framework",
				"${BUILT_PRODUCTS_DIR}/GoogleToolboxForMac/GoogleToolboxForMac.framework",
			);
			name = "[CP] Embed Pods Frameworks";
			outputPaths = (
				"${TARGET_BUILD_DIR}/${FRAMEWORKS_FOLDER_PATH}/Bolts.framework",
				"${TARGET_BUILD_DIR}/${FRAMEWORKS_FOLDER_PATH}/FBSDKCoreKit.framework",
				"${TARGET_BUILD_DIR}/${FRAMEWORKS_FOLDER_PATH}/FBSDKLoginKit.framework",
				"${TARGET_BUILD_DIR}/${FRAMEWORKS_FOLDER_PATH}/FBSDKShareKit.framework",
				"${TARGET_BUILD_DIR}/${FRAMEWORKS_FOLDER_PATH}/FacebookCore.framework",
				"${TARGET_BUILD_DIR}/${FRAMEWORKS_FOLDER_PATH}/FacebookLogin.framework",
				"${TARGET_BUILD_DIR}/${FRAMEWORKS_FOLDER_PATH}/FacebookShare.framework",
				"${TARGET_BUILD_DIR}/${FRAMEWORKS_FOLDER_PATH}/GTMOAuth2.framework",
				"${TARGET_BUILD_DIR}/${FRAMEWORKS_FOLDER_PATH}/GTMSessionFetcher.framework",
				"${TARGET_BUILD_DIR}/${FRAMEWORKS_FOLDER_PATH}/GoogleToolboxForMac.framework",
			);
			runOnlyForDeploymentPostprocessing = 0;
			shellPath = /bin/sh;
			shellScript = "\"${SRCROOT}/Pods/Target Support Files/Pods-pak/Pods-pak-frameworks.sh\"\n";
			showEnvVarsInLog = 0;
		};
		4B94C8B148ACAE860F219E82 /* [CP] Check Pods Manifest.lock */ = {
			isa = PBXShellScriptBuildPhase;
			buildActionMask = 2147483647;
			files = (
			);
			inputPaths = (
				"${PODS_PODFILE_DIR_PATH}/Podfile.lock",
				"${PODS_ROOT}/Manifest.lock",
			);
			name = "[CP] Check Pods Manifest.lock";
			outputPaths = (
				"$(DERIVED_FILE_DIR)/Pods-pak-checkManifestLockResult.txt",
			);
			runOnlyForDeploymentPostprocessing = 0;
			shellPath = /bin/sh;
			shellScript = "diff \"${PODS_PODFILE_DIR_PATH}/Podfile.lock\" \"${PODS_ROOT}/Manifest.lock\" > /dev/null\nif [ $? != 0 ] ; then\n    # print error to STDERR\n    echo \"error: The sandbox is not in sync with the Podfile.lock. Run 'pod install' or update your CocoaPods installation.\" >&2\n    exit 1\nfi\n# This output is used by Xcode 'outputs' to avoid re-running this script phase.\necho \"SUCCESS\" > \"${SCRIPT_OUTPUT_FILE_0}\"\n";
			showEnvVarsInLog = 0;
		};
		6892380E09D85579A02DEB1D /* [CP] Check Pods Manifest.lock */ = {
			isa = PBXShellScriptBuildPhase;
			buildActionMask = 2147483647;
			files = (
			);
			inputPaths = (
				"${PODS_PODFILE_DIR_PATH}/Podfile.lock",
				"${PODS_ROOT}/Manifest.lock",
			);
			name = "[CP] Check Pods Manifest.lock";
			outputPaths = (
				"$(DERIVED_FILE_DIR)/Pods-pakUITests-checkManifestLockResult.txt",
			);
			runOnlyForDeploymentPostprocessing = 0;
			shellPath = /bin/sh;
			shellScript = "diff \"${PODS_PODFILE_DIR_PATH}/Podfile.lock\" \"${PODS_ROOT}/Manifest.lock\" > /dev/null\nif [ $? != 0 ] ; then\n    # print error to STDERR\n    echo \"error: The sandbox is not in sync with the Podfile.lock. Run 'pod install' or update your CocoaPods installation.\" >&2\n    exit 1\nfi\n# This output is used by Xcode 'outputs' to avoid re-running this script phase.\necho \"SUCCESS\" > \"${SCRIPT_OUTPUT_FILE_0}\"\n";
			showEnvVarsInLog = 0;
		};
		93C2762EC570206DE71F7D22 /* [CP] Embed Pods Frameworks */ = {
			isa = PBXShellScriptBuildPhase;
			buildActionMask = 2147483647;
			files = (
			);
			inputPaths = (
			);
			name = "[CP] Embed Pods Frameworks";
			outputPaths = (
			);
			runOnlyForDeploymentPostprocessing = 0;
			shellPath = /bin/sh;
			shellScript = "\"${SRCROOT}/Pods/Target Support Files/Pods-pakTests/Pods-pakTests-frameworks.sh\"\n";
			showEnvVarsInLog = 0;
		};
		D1D89190E4AD15E2FAAF6BEF /* [CP] Copy Pods Resources */ = {
			isa = PBXShellScriptBuildPhase;
			buildActionMask = 2147483647;
			files = (
			);
			inputPaths = (
			);
			name = "[CP] Copy Pods Resources";
			outputPaths = (
			);
			runOnlyForDeploymentPostprocessing = 0;
			shellPath = /bin/sh;
			shellScript = "\"${SRCROOT}/Pods/Target Support Files/Pods-pakTests/Pods-pakTests-resources.sh\"\n";
			showEnvVarsInLog = 0;
		};
		E46DF1E7D0FE081E03A1AE66 /* [CP] Check Pods Manifest.lock */ = {
			isa = PBXShellScriptBuildPhase;
			buildActionMask = 2147483647;
			files = (
			);
			inputPaths = (
				"${PODS_PODFILE_DIR_PATH}/Podfile.lock",
				"${PODS_ROOT}/Manifest.lock",
			);
			name = "[CP] Check Pods Manifest.lock";
			outputPaths = (
				"$(DERIVED_FILE_DIR)/Pods-pakTests-checkManifestLockResult.txt",
			);
			runOnlyForDeploymentPostprocessing = 0;
			shellPath = /bin/sh;
			shellScript = "diff \"${PODS_PODFILE_DIR_PATH}/Podfile.lock\" \"${PODS_ROOT}/Manifest.lock\" > /dev/null\nif [ $? != 0 ] ; then\n    # print error to STDERR\n    echo \"error: The sandbox is not in sync with the Podfile.lock. Run 'pod install' or update your CocoaPods installation.\" >&2\n    exit 1\nfi\n# This output is used by Xcode 'outputs' to avoid re-running this script phase.\necho \"SUCCESS\" > \"${SCRIPT_OUTPUT_FILE_0}\"\n";
			showEnvVarsInLog = 0;
		};
		E4A28DD34A8E9B2446657E06 /* [CP] Copy Pods Resources */ = {
			isa = PBXShellScriptBuildPhase;
			buildActionMask = 2147483647;
			files = (
			);
			inputPaths = (
			);
			name = "[CP] Copy Pods Resources";
			outputPaths = (
			);
			runOnlyForDeploymentPostprocessing = 0;
			shellPath = /bin/sh;
			shellScript = "\"${SRCROOT}/Pods/Target Support Files/Pods-pakUITests/Pods-pakUITests-resources.sh\"\n";
			showEnvVarsInLog = 0;
		};
/* End PBXShellScriptBuildPhase section */

/* Begin PBXSourcesBuildPhase section */
		74558E912069EBC700A3C32F /* Sources */ = {
			isa = PBXSourcesBuildPhase;
			buildActionMask = 2147483647;
			files = (
				74CC1BB3207DB8FF00C39678 /* CategoriasCell.swift in Sources */,
				74558E9B2069EBC700A3C32F /* InicioVC.swift in Sources */,
				74558E992069EBC700A3C32F /* AppDelegate.swift in Sources */,
				74CC1BB1207DB80500C39678 /* ListaProductosVC.swift in Sources */,
				74558ECA2069EF6B00A3C32F /* SWRevealViewController.m in Sources */,
				74357259206F4DC5003EB81C /* RegistroVC.swift in Sources */,
				74558ECC206A128C00A3C32F /* DrawerVC.swift in Sources */,
				7479BD70206EE54C004FA21F /* LoginVC.swift in Sources */,
				74B4EC38207318DF000566B4 /* InicioDemoVC.swift in Sources */,
				747A27E32070667D00C9291A /* Preferences.swift in Sources */,
				74709773206F77830029F61C /* Extensions.swift in Sources */,
				74B4EC352073187E000566B4 /* Demo1VC.swift in Sources */,
				74B4EC3B20731A4B000566B4 /* Demo2VC.swift in Sources */,
			);
			runOnlyForDeploymentPostprocessing = 0;
		};
		74558EA52069EBC700A3C32F /* Sources */ = {
			isa = PBXSourcesBuildPhase;
			buildActionMask = 2147483647;
			files = (
				74558EAE2069EBC700A3C32F /* pakTests.swift in Sources */,
			);
			runOnlyForDeploymentPostprocessing = 0;
		};
		74558EB02069EBC700A3C32F /* Sources */ = {
			isa = PBXSourcesBuildPhase;
			buildActionMask = 2147483647;
			files = (
				74558EB92069EBC700A3C32F /* pakUITests.swift in Sources */,
			);
			runOnlyForDeploymentPostprocessing = 0;
		};
/* End PBXSourcesBuildPhase section */

/* Begin PBXTargetDependency section */
		74558EAB2069EBC700A3C32F /* PBXTargetDependency */ = {
			isa = PBXTargetDependency;
			target = 74558E942069EBC700A3C32F /* pak */;
			targetProxy = 74558EAA2069EBC700A3C32F /* PBXContainerItemProxy */;
		};
		74558EB62069EBC700A3C32F /* PBXTargetDependency */ = {
			isa = PBXTargetDependency;
			target = 74558E942069EBC700A3C32F /* pak */;
			targetProxy = 74558EB52069EBC700A3C32F /* PBXContainerItemProxy */;
		};
/* End PBXTargetDependency section */

/* Begin PBXVariantGroup section */
		74558E9C2069EBC700A3C32F /* Main.storyboard */ = {
			isa = PBXVariantGroup;
			children = (
				74558E9D2069EBC700A3C32F /* Base */,
			);
			name = Main.storyboard;
			sourceTree = "<group>";
		};
		74558EA12069EBC700A3C32F /* LaunchScreen.storyboard */ = {
			isa = PBXVariantGroup;
			children = (
				74558EA22069EBC700A3C32F /* Base */,
			);
			name = LaunchScreen.storyboard;
			sourceTree = "<group>";
		};
/* End PBXVariantGroup section */

/* Begin XCBuildConfiguration section */
		74558EBB2069EBC700A3C32F /* Debug */ = {
			isa = XCBuildConfiguration;
			buildSettings = {
				ALWAYS_SEARCH_USER_PATHS = NO;
				CLANG_ANALYZER_NONNULL = YES;
				CLANG_ANALYZER_NUMBER_OBJECT_CONVERSION = YES_AGGRESSIVE;
				CLANG_CXX_LANGUAGE_STANDARD = "gnu++14";
				CLANG_CXX_LIBRARY = "libc++";
				CLANG_ENABLE_MODULES = YES;
				CLANG_ENABLE_OBJC_ARC = YES;
				CLANG_WARN_BLOCK_CAPTURE_AUTORELEASING = YES;
				CLANG_WARN_BOOL_CONVERSION = YES;
				CLANG_WARN_COMMA = YES;
				CLANG_WARN_CONSTANT_CONVERSION = YES;
				CLANG_WARN_DIRECT_OBJC_ISA_USAGE = YES_ERROR;
				CLANG_WARN_DOCUMENTATION_COMMENTS = YES;
				CLANG_WARN_EMPTY_BODY = YES;
				CLANG_WARN_ENUM_CONVERSION = YES;
				CLANG_WARN_INFINITE_RECURSION = YES;
				CLANG_WARN_INT_CONVERSION = YES;
				CLANG_WARN_NON_LITERAL_NULL_CONVERSION = YES;
				CLANG_WARN_OBJC_LITERAL_CONVERSION = YES;
				CLANG_WARN_OBJC_ROOT_CLASS = YES_ERROR;
				CLANG_WARN_RANGE_LOOP_ANALYSIS = YES;
				CLANG_WARN_STRICT_PROTOTYPES = YES;
				CLANG_WARN_SUSPICIOUS_MOVE = YES;
				CLANG_WARN_UNGUARDED_AVAILABILITY = YES_AGGRESSIVE;
				CLANG_WARN_UNREACHABLE_CODE = YES;
				CLANG_WARN__DUPLICATE_METHOD_MATCH = YES;
				CODE_SIGN_IDENTITY = "iPhone Developer";
				COPY_PHASE_STRIP = NO;
				DEBUG_INFORMATION_FORMAT = dwarf;
				ENABLE_STRICT_OBJC_MSGSEND = YES;
				ENABLE_TESTABILITY = YES;
				GCC_C_LANGUAGE_STANDARD = gnu11;
				GCC_DYNAMIC_NO_PIC = NO;
				GCC_NO_COMMON_BLOCKS = YES;
				GCC_OPTIMIZATION_LEVEL = 0;
				GCC_PREPROCESSOR_DEFINITIONS = (
					"DEBUG=1",
					"$(inherited)",
				);
				GCC_WARN_64_TO_32_BIT_CONVERSION = YES;
				GCC_WARN_ABOUT_RETURN_TYPE = YES_ERROR;
				GCC_WARN_UNDECLARED_SELECTOR = YES;
				GCC_WARN_UNINITIALIZED_AUTOS = YES_AGGRESSIVE;
				GCC_WARN_UNUSED_FUNCTION = YES;
				GCC_WARN_UNUSED_VARIABLE = YES;
				IPHONEOS_DEPLOYMENT_TARGET = 11.2;
				MTL_ENABLE_DEBUG_INFO = YES;
				ONLY_ACTIVE_ARCH = YES;
				SDKROOT = iphoneos;
				SWIFT_ACTIVE_COMPILATION_CONDITIONS = DEBUG;
				SWIFT_OPTIMIZATION_LEVEL = "-Onone";
			};
			name = Debug;
		};
		74558EBC2069EBC700A3C32F /* Release */ = {
			isa = XCBuildConfiguration;
			buildSettings = {
				ALWAYS_SEARCH_USER_PATHS = NO;
				CLANG_ANALYZER_NONNULL = YES;
				CLANG_ANALYZER_NUMBER_OBJECT_CONVERSION = YES_AGGRESSIVE;
				CLANG_CXX_LANGUAGE_STANDARD = "gnu++14";
				CLANG_CXX_LIBRARY = "libc++";
				CLANG_ENABLE_MODULES = YES;
				CLANG_ENABLE_OBJC_ARC = YES;
				CLANG_WARN_BLOCK_CAPTURE_AUTORELEASING = YES;
				CLANG_WARN_BOOL_CONVERSION = YES;
				CLANG_WARN_COMMA = YES;
				CLANG_WARN_CONSTANT_CONVERSION = YES;
				CLANG_WARN_DIRECT_OBJC_ISA_USAGE = YES_ERROR;
				CLANG_WARN_DOCUMENTATION_COMMENTS = YES;
				CLANG_WARN_EMPTY_BODY = YES;
				CLANG_WARN_ENUM_CONVERSION = YES;
				CLANG_WARN_INFINITE_RECURSION = YES;
				CLANG_WARN_INT_CONVERSION = YES;
				CLANG_WARN_NON_LITERAL_NULL_CONVERSION = YES;
				CLANG_WARN_OBJC_LITERAL_CONVERSION = YES;
				CLANG_WARN_OBJC_ROOT_CLASS = YES_ERROR;
				CLANG_WARN_RANGE_LOOP_ANALYSIS = YES;
				CLANG_WARN_STRICT_PROTOTYPES = YES;
				CLANG_WARN_SUSPICIOUS_MOVE = YES;
				CLANG_WARN_UNGUARDED_AVAILABILITY = YES_AGGRESSIVE;
				CLANG_WARN_UNREACHABLE_CODE = YES;
				CLANG_WARN__DUPLICATE_METHOD_MATCH = YES;
				CODE_SIGN_IDENTITY = "iPhone Developer";
				COPY_PHASE_STRIP = NO;
				DEBUG_INFORMATION_FORMAT = "dwarf-with-dsym";
				ENABLE_NS_ASSERTIONS = NO;
				ENABLE_STRICT_OBJC_MSGSEND = YES;
				GCC_C_LANGUAGE_STANDARD = gnu11;
				GCC_NO_COMMON_BLOCKS = YES;
				GCC_WARN_64_TO_32_BIT_CONVERSION = YES;
				GCC_WARN_ABOUT_RETURN_TYPE = YES_ERROR;
				GCC_WARN_UNDECLARED_SELECTOR = YES;
				GCC_WARN_UNINITIALIZED_AUTOS = YES_AGGRESSIVE;
				GCC_WARN_UNUSED_FUNCTION = YES;
				GCC_WARN_UNUSED_VARIABLE = YES;
				IPHONEOS_DEPLOYMENT_TARGET = 11.2;
				MTL_ENABLE_DEBUG_INFO = NO;
				SDKROOT = iphoneos;
				SWIFT_OPTIMIZATION_LEVEL = "-Owholemodule";
				VALIDATE_PRODUCT = YES;
			};
			name = Release;
		};
		74558EBE2069EBC700A3C32F /* Debug */ = {
			isa = XCBuildConfiguration;
			baseConfigurationReference = 8083BC4FB56E7AC3CBB921CE /* Pods-pak.debug.xcconfig */;
			buildSettings = {
				ASSETCATALOG_COMPILER_APPICON_NAME = AppIcon;
				CLANG_ENABLE_MODULES = YES;
				CODE_SIGN_STYLE = Automatic;
				DEVELOPMENT_TEAM = 47R8LF25WQ;
				INFOPLIST_FILE = pak/Info.plist;
				LD_RUNPATH_SEARCH_PATHS = "$(inherited) @executable_path/Frameworks";
				PRODUCT_BUNDLE_IDENTIFIER = zp.pak;
				PRODUCT_NAME = "$(TARGET_NAME)";
				SWIFT_OBJC_BRIDGING_HEADER = "pak/SWRevealViewController/pak-Bridging-Header.h";
				SWIFT_OPTIMIZATION_LEVEL = "-Onone";
				SWIFT_VERSION = 4.0;
				TARGETED_DEVICE_FAMILY = 1;
			};
			name = Debug;
		};
		74558EBF2069EBC700A3C32F /* Release */ = {
			isa = XCBuildConfiguration;
			baseConfigurationReference = F2DF16DFA402D83A05C071A4 /* Pods-pak.release.xcconfig */;
			buildSettings = {
				ASSETCATALOG_COMPILER_APPICON_NAME = AppIcon;
				CLANG_ENABLE_MODULES = YES;
				CODE_SIGN_STYLE = Automatic;
				DEVELOPMENT_TEAM = 47R8LF25WQ;
				INFOPLIST_FILE = pak/Info.plist;
				LD_RUNPATH_SEARCH_PATHS = "$(inherited) @executable_path/Frameworks";
				PRODUCT_BUNDLE_IDENTIFIER = zp.pak;
				PRODUCT_NAME = "$(TARGET_NAME)";
				SWIFT_OBJC_BRIDGING_HEADER = "pak/SWRevealViewController/pak-Bridging-Header.h";
				SWIFT_VERSION = 4.0;
				TARGETED_DEVICE_FAMILY = 1;
			};
			name = Release;
		};
		74558EC12069EBC700A3C32F /* Debug */ = {
			isa = XCBuildConfiguration;
			baseConfigurationReference = 64A91EC4EE80479177D93582 /* Pods-pakTests.debug.xcconfig */;
			buildSettings = {
				ALWAYS_EMBED_SWIFT_STANDARD_LIBRARIES = YES;
				BUNDLE_LOADER = "$(TEST_HOST)";
				CODE_SIGN_STYLE = Automatic;
				DEVELOPMENT_TEAM = 47R8LF25WQ;
				INFOPLIST_FILE = pakTests/Info.plist;
				LD_RUNPATH_SEARCH_PATHS = "$(inherited) @executable_path/Frameworks @loader_path/Frameworks";
				PRODUCT_BUNDLE_IDENTIFIER = zp.pakTests;
				PRODUCT_NAME = "$(TARGET_NAME)";
				SWIFT_VERSION = 4.0;
				TARGETED_DEVICE_FAMILY = "1,2";
				TEST_HOST = "$(BUILT_PRODUCTS_DIR)/pak.app/pak";
			};
			name = Debug;
		};
		74558EC22069EBC700A3C32F /* Release */ = {
			isa = XCBuildConfiguration;
			baseConfigurationReference = 3E5251DCE73A5FA5885336BD /* Pods-pakTests.release.xcconfig */;
			buildSettings = {
				ALWAYS_EMBED_SWIFT_STANDARD_LIBRARIES = YES;
				BUNDLE_LOADER = "$(TEST_HOST)";
				CODE_SIGN_STYLE = Automatic;
				DEVELOPMENT_TEAM = 47R8LF25WQ;
				INFOPLIST_FILE = pakTests/Info.plist;
				LD_RUNPATH_SEARCH_PATHS = "$(inherited) @executable_path/Frameworks @loader_path/Frameworks";
				PRODUCT_BUNDLE_IDENTIFIER = zp.pakTests;
				PRODUCT_NAME = "$(TARGET_NAME)";
				SWIFT_VERSION = 4.0;
				TARGETED_DEVICE_FAMILY = "1,2";
				TEST_HOST = "$(BUILT_PRODUCTS_DIR)/pak.app/pak";
			};
			name = Release;
		};
		74558EC42069EBC700A3C32F /* Debug */ = {
			isa = XCBuildConfiguration;
			baseConfigurationReference = 2F167C1880938B9110D7A67C /* Pods-pakUITests.debug.xcconfig */;
			buildSettings = {
				ALWAYS_EMBED_SWIFT_STANDARD_LIBRARIES = YES;
				CODE_SIGN_STYLE = Automatic;
				DEVELOPMENT_TEAM = 47R8LF25WQ;
				INFOPLIST_FILE = pakUITests/Info.plist;
				LD_RUNPATH_SEARCH_PATHS = "$(inherited) @executable_path/Frameworks @loader_path/Frameworks";
				PRODUCT_BUNDLE_IDENTIFIER = zp.pakUITests;
				PRODUCT_NAME = "$(TARGET_NAME)";
				SWIFT_VERSION = 4.0;
				TARGETED_DEVICE_FAMILY = "1,2";
				TEST_TARGET_NAME = pak;
			};
			name = Debug;
		};
		74558EC52069EBC700A3C32F /* Release */ = {
			isa = XCBuildConfiguration;
			baseConfigurationReference = CEE586CD5444041185B803B3 /* Pods-pakUITests.release.xcconfig */;
			buildSettings = {
				ALWAYS_EMBED_SWIFT_STANDARD_LIBRARIES = YES;
				CODE_SIGN_STYLE = Automatic;
				DEVELOPMENT_TEAM = 47R8LF25WQ;
				INFOPLIST_FILE = pakUITests/Info.plist;
				LD_RUNPATH_SEARCH_PATHS = "$(inherited) @executable_path/Frameworks @loader_path/Frameworks";
				PRODUCT_BUNDLE_IDENTIFIER = zp.pakUITests;
				PRODUCT_NAME = "$(TARGET_NAME)";
				SWIFT_VERSION = 4.0;
				TARGETED_DEVICE_FAMILY = "1,2";
				TEST_TARGET_NAME = pak;
			};
			name = Release;
		};
/* End XCBuildConfiguration section */

/* Begin XCConfigurationList section */
		74558E902069EBC700A3C32F /* Build configuration list for PBXProject "pak" */ = {
			isa = XCConfigurationList;
			buildConfigurations = (
				74558EBB2069EBC700A3C32F /* Debug */,
				74558EBC2069EBC700A3C32F /* Release */,
			);
			defaultConfigurationIsVisible = 0;
			defaultConfigurationName = Release;
		};
		74558EBD2069EBC700A3C32F /* Build configuration list for PBXNativeTarget "pak" */ = {
			isa = XCConfigurationList;
			buildConfigurations = (
				74558EBE2069EBC700A3C32F /* Debug */,
				74558EBF2069EBC700A3C32F /* Release */,
			);
			defaultConfigurationIsVisible = 0;
			defaultConfigurationName = Release;
		};
		74558EC02069EBC700A3C32F /* Build configuration list for PBXNativeTarget "pakTests" */ = {
			isa = XCConfigurationList;
			buildConfigurations = (
				74558EC12069EBC700A3C32F /* Debug */,
				74558EC22069EBC700A3C32F /* Release */,
			);
			defaultConfigurationIsVisible = 0;
			defaultConfigurationName = Release;
		};
		74558EC32069EBC700A3C32F /* Build configuration list for PBXNativeTarget "pakUITests" */ = {
			isa = XCConfigurationList;
			buildConfigurations = (
				74558EC42069EBC700A3C32F /* Debug */,
				74558EC52069EBC700A3C32F /* Release */,
			);
			defaultConfigurationIsVisible = 0;
			defaultConfigurationName = Release;
		};
/* End XCConfigurationList section */
	};
	rootObject = 74558E8D2069EBC700A3C32F /* Project object */;
}
